
Microsoft Visual Studio Solution File, Format Version 12.00
# Visual Studio 2012
Project("{2150E333-8FDC-42A3-9474-1A3956D46DE8}") = ".paket", ".paket", "{82B09F74-050C-4579-AF51-CAC6566AD814}"
	ProjectSection(SolutionItems) = preProject
		paket.dependencies = paket.dependencies
	EndProjectSection
EndProject
Project("{f2a71f9b-5d33-465a-a702-920d77279786}") = "Proton", "Proton.fsproj", "{DFEF70E4-EAE3-4A07-9547-F7DB05648CB1}"
EndProject
Global
	GlobalSection(SolutionConfigurationPlatforms) = preSolution
		Debug|Any CPU = Debug|Any CPU
		Release|Any CPU = Release|Any CPU
	EndGlobalSection
	GlobalSection(ProjectConfigurationPlatforms) = postSolution
		{DFEF70E4-EAE3-4A07-9547-F7DB05648CB1}.Debug|Any CPU.ActiveCfg = Debug|Any CPU
		{DFEF70E4-EAE3-4A07-9547-F7DB05648CB1}.Debug|Any CPU.Build.0 = Debug|Any CPU
		{DFEF70E4-EAE3-4A07-9547-F7DB05648CB1}.Release|Any CPU.ActiveCfg = Release|Any CPU
		{DFEF70E4-EAE3-4A07-9547-F7DB05648CB1}.Release|Any CPU.Build.0 = Release|Any CPU
	EndGlobalSection
EndGlobal
